
Microsoft Visual Studio Solution File, Format Version 12.00
# Visual Studio Version 16
VisualStudioVersion = 16.0.32106.194
MinimumVisualStudioVersion = 10.0.40219.1
Project("{9A19103F-16F7-4668-BE54-9A1E7A4F7556}") = "MongoDBProject", "MongoDBProject\MongoDBProject.csproj", "{2EC8C31D-513F-4228-8435-C958007201FA}"
EndProject
Global
	GlobalSection(SolutionConfigurationPlatforms) = preSolution
		Debug|Any CPU = Debug|Any CPU
		Release|Any CPU = Release|Any CPU
	EndGlobalSection
	GlobalSection(ProjectConfigurationPlatforms) = postSolution
		{2EC8C31D-513F-4228-8435-C958007201FA}.Debug|Any CPU.ActiveCfg = Debug|Any CPU
		{2EC8C31D-513F-4228-8435-C958007201FA}.Debug|Any CPU.Build.0 = Debug|Any CPU
		{2EC8C31D-513F-4228-8435-C958007201FA}.Release|Any CPU.ActiveCfg = Release|Any CPU
		{2EC8C31D-513F-4228-8435-C958007201FA}.Release|Any CPU.Build.0 = Release|Any CPU
	EndGlobalSection
	GlobalSection(SolutionProperties) = preSolution
		HideSolutionNode = FALSE
	EndGlobalSection
	GlobalSection(ExtensibilityGlobals) = postSolution
		SolutionGuid = {70AF69C4-472B-49CB-B069-1B88BA5B56EF}
	EndGlobalSection
EndGlobal
